// !$*UTF8*$!
{
	archiveVersion = 1;
	classes = {
	};
	objectVersion = 46;
	objects = {

/* Begin PBXBuildFile section */
		757EA68FC9638F06F3DE8413 /* Pods_GoogleMapIntegration.framework in Frameworks */ = {isa = PBXBuildFile; fileRef = 46C50A5ADD8430C2F526A353 /* Pods_GoogleMapIntegration.framework */; };
		CD79EA971FE0EACB0020DC65 /* AppDelegate.swift in Sources */ = {isa = PBXBuildFile; fileRef = CD79EA961FE0EACB0020DC65 /* AppDelegate.swift */; };
		CD79EA991FE0EACB0020DC65 /* ViewController.swift in Sources */ = {isa = PBXBuildFile; fileRef = CD79EA981FE0EACB0020DC65 /* ViewController.swift */; };
		CD79EA9C1FE0EACB0020DC65 /* Main.storyboard in Resources */ = {isa = PBXBuildFile; fileRef = CD79EA9A1FE0EACB0020DC65 /* Main.storyboard */; };
		CD79EA9F1FE0EACB0020DC65 /* GoogleMapIntegration.xcdatamodeld in Sources */ = {isa = PBXBuildFile; fileRef = CD79EA9D1FE0EACB0020DC65 /* GoogleMapIntegration.xcdatamodeld */; };
		CD79EAA11FE0EACB0020DC65 /* Assets.xcassets in Resources */ = {isa = PBXBuildFile; fileRef = CD79EAA01FE0EACB0020DC65 /* Assets.xcassets */; };
		CD79EAA41FE0EACB0020DC65 /* LaunchScreen.storyboard in Resources */ = {isa = PBXBuildFile; fileRef = CD79EAA21FE0EACB0020DC65 /* LaunchScreen.storyboard */; };
		CD79EAAF1FE0EACC0020DC65 /* GoogleMapIntegrationTests.swift in Sources */ = {isa = PBXBuildFile; fileRef = CD79EAAE1FE0EACC0020DC65 /* GoogleMapIntegrationTests.swift */; };
		CD79EABD1FE0EB420020DC65 /* GoogleHelperAPI.swift in Sources */ = {isa = PBXBuildFile; fileRef = CD79EABC1FE0EB420020DC65 /* GoogleHelperAPI.swift */; };
		CD79EAC21FE0F74A0020DC65 /* MapKit.framework in Frameworks */ = {isa = PBXBuildFile; fileRef = CD79EAC11FE0F74A0020DC65 /* MapKit.framework */; };
		CD79EAC41FE0FB550020DC65 /* CoreLocation.framework in Frameworks */ = {isa = PBXBuildFile; fileRef = CD79EAC31FE0FB550020DC65 /* CoreLocation.framework */; };
		CD79EAC71FE12F120020DC65 /* Config.swift in Sources */ = {isa = PBXBuildFile; fileRef = CD79EAC61FE12F120020DC65 /* Config.swift */; };
		CD8832121FE50ED300B978EF /* PlaceManager.swift in Sources */ = {isa = PBXBuildFile; fileRef = CD8832111FE50ED300B978EF /* PlaceManager.swift */; };
		CD8832151FE5104C00B978EF /* ErrorManager.swift in Sources */ = {isa = PBXBuildFile; fileRef = CD8832141FE5104C00B978EF /* ErrorManager.swift */; };
		CDA03BD21FE29F9A0006E79A /* SearchLocationTableViewController.swift in Sources */ = {isa = PBXBuildFile; fileRef = CDA03BD11FE29F9A0006E79A /* SearchLocationTableViewController.swift */; };
		CDA4B1131FE23C74005F6F6A /* MapManager.swift in Sources */ = {isa = PBXBuildFile; fileRef = CDA4B1121FE23C74005F6F6A /* MapManager.swift */; };
		CDA4B1161FE23F84005F6F6A /* LocationManager.swift in Sources */ = {isa = PBXBuildFile; fileRef = CDA4B1151FE23F84005F6F6A /* LocationManager.swift */; };
		CDA4B1241FE2924F005F6F6A /* SearchLocationTableViewCell.swift in Sources */ = {isa = PBXBuildFile; fileRef = CDA4B1221FE2924F005F6F6A /* SearchLocationTableViewCell.swift */; };
		D9A58FB4D70AFF1C1CB67CA0 /* Pods_GoogleMapIntegrationTests.framework in Frameworks */ = {isa = PBXBuildFile; fileRef = A689293FC02229B56DF77032 /* Pods_GoogleMapIntegrationTests.framework */; };
/* End PBXBuildFile section */

/* Begin PBXContainerItemProxy section */
		CD79EAAB1FE0EACC0020DC65 /* PBXContainerItemProxy */ = {
			isa = PBXContainerItemProxy;
			containerPortal = CD79EA8B1FE0EACB0020DC65 /* Project object */;
			proxyType = 1;
			remoteGlobalIDString = CD79EA921FE0EACB0020DC65;
			remoteInfo = GoogleMapIntegration;
		};
/* End PBXContainerItemProxy section */

/* Begin PBXFileReference section */
		46C50A5ADD8430C2F526A353 /* Pods_GoogleMapIntegration.framework */ = {isa = PBXFileReference; explicitFileType = wrapper.framework; includeInIndex = 0; path = Pods_GoogleMapIntegration.framework; sourceTree = BUILT_PRODUCTS_DIR; };
		75149558D854892B2AEFC252 /* Pods-GoogleMapIntegrationTests.debug.xcconfig */ = {isa = PBXFileReference; includeInIndex = 1; lastKnownFileType = text.xcconfig; name = "Pods-GoogleMapIntegrationTests.debug.xcconfig"; path = "Pods/Target Support Files/Pods-GoogleMapIntegrationTests/Pods-GoogleMapIntegrationTests.debug.xcconfig"; sourceTree = "<group>"; };
		7BDA98CA51209567E328DA83 /* Pods-GoogleMapIntegration.debug.xcconfig */ = {isa = PBXFileReference; includeInIndex = 1; lastKnownFileType = text.xcconfig; name = "Pods-GoogleMapIntegration.debug.xcconfig"; path = "Pods/Target Support Files/Pods-GoogleMapIntegration/Pods-GoogleMapIntegration.debug.xcconfig"; sourceTree = "<group>"; };
		A689293FC02229B56DF77032 /* Pods_GoogleMapIntegrationTests.framework */ = {isa = PBXFileReference; explicitFileType = wrapper.framework; includeInIndex = 0; path = Pods_GoogleMapIntegrationTests.framework; sourceTree = BUILT_PRODUCTS_DIR; };
		C3ABC9107A52827876B08D26 /* Pods-GoogleMapIntegrationTests.release.xcconfig */ = {isa = PBXFileReference; includeInIndex = 1; lastKnownFileType = text.xcconfig; name = "Pods-GoogleMapIntegrationTests.release.xcconfig"; path = "Pods/Target Support Files/Pods-GoogleMapIntegrationTests/Pods-GoogleMapIntegrationTests.release.xcconfig"; sourceTree = "<group>"; };
		CD79EA931FE0EACB0020DC65 /* GoogleMapIntegration.app */ = {isa = PBXFileReference; explicitFileType = wrapper.application; includeInIndex = 0; path = GoogleMapIntegration.app; sourceTree = BUILT_PRODUCTS_DIR; };
		CD79EA961FE0EACB0020DC65 /* AppDelegate.swift */ = {isa = PBXFileReference; lastKnownFileType = sourcecode.swift; path = AppDelegate.swift; sourceTree = "<group>"; };
		CD79EA981FE0EACB0020DC65 /* ViewController.swift */ = {isa = PBXFileReference; lastKnownFileType = sourcecode.swift; path = ViewController.swift; sourceTree = "<group>"; };
		CD79EA9B1FE0EACB0020DC65 /* Base */ = {isa = PBXFileReference; lastKnownFileType = file.storyboard; name = Base; path = Base.lproj/Main.storyboard; sourceTree = "<group>"; };
		CD79EA9E1FE0EACB0020DC65 /* GoogleMapIntegration.xcdatamodel */ = {isa = PBXFileReference; lastKnownFileType = wrapper.xcdatamodel; path = GoogleMapIntegration.xcdatamodel; sourceTree = "<group>"; };
		CD79EAA01FE0EACB0020DC65 /* Assets.xcassets */ = {isa = PBXFileReference; lastKnownFileType = folder.assetcatalog; path = Assets.xcassets; sourceTree = "<group>"; };
		CD79EAA31FE0EACB0020DC65 /* Base */ = {isa = PBXFileReference; lastKnownFileType = file.storyboard; name = Base; path = Base.lproj/LaunchScreen.storyboard; sourceTree = "<group>"; };
		CD79EAA51FE0EACB0020DC65 /* Info.plist */ = {isa = PBXFileReference; lastKnownFileType = text.plist.xml; path = Info.plist; sourceTree = "<group>"; };
		CD79EAAA1FE0EACC0020DC65 /* GoogleMapIntegrationTests.xctest */ = {isa = PBXFileReference; explicitFileType = wrapper.cfbundle; includeInIndex = 0; path = GoogleMapIntegrationTests.xctest; sourceTree = BUILT_PRODUCTS_DIR; };
		CD79EAAE1FE0EACC0020DC65 /* GoogleMapIntegrationTests.swift */ = {isa = PBXFileReference; lastKnownFileType = sourcecode.swift; path = GoogleMapIntegrationTests.swift; sourceTree = "<group>"; };
		CD79EAB01FE0EACC0020DC65 /* Info.plist */ = {isa = PBXFileReference; lastKnownFileType = text.plist.xml; path = Info.plist; sourceTree = "<group>"; };
		CD79EABC1FE0EB420020DC65 /* GoogleHelperAPI.swift */ = {isa = PBXFileReference; fileEncoding = 4; lastKnownFileType = sourcecode.swift; path = GoogleHelperAPI.swift; sourceTree = "<group>"; };
		CD79EAC11FE0F74A0020DC65 /* MapKit.framework */ = {isa = PBXFileReference; lastKnownFileType = wrapper.framework; name = MapKit.framework; path = System/Library/Frameworks/MapKit.framework; sourceTree = SDKROOT; };
		CD79EAC31FE0FB550020DC65 /* CoreLocation.framework */ = {isa = PBXFileReference; lastKnownFileType = wrapper.framework; name = CoreLocation.framework; path = System/Library/Frameworks/CoreLocation.framework; sourceTree = SDKROOT; };
		CD79EAC61FE12F120020DC65 /* Config.swift */ = {isa = PBXFileReference; fileEncoding = 4; lastKnownFileType = sourcecode.swift; path = Config.swift; sourceTree = "<group>"; };
		CD8832111FE50ED300B978EF /* PlaceManager.swift */ = {isa = PBXFileReference; fileEncoding = 4; lastKnownFileType = sourcecode.swift; path = PlaceManager.swift; sourceTree = "<group>"; };
		CD8832141FE5104C00B978EF /* ErrorManager.swift */ = {isa = PBXFileReference; fileEncoding = 4; lastKnownFileType = sourcecode.swift; path = ErrorManager.swift; sourceTree = "<group>"; };
		CDA03BD11FE29F9A0006E79A /* SearchLocationTableViewController.swift */ = {isa = PBXFileReference; fileEncoding = 4; lastKnownFileType = sourcecode.swift; path = SearchLocationTableViewController.swift; sourceTree = "<group>"; };
		CDA4B1121FE23C74005F6F6A /* MapManager.swift */ = {isa = PBXFileReference; fileEncoding = 4; lastKnownFileType = sourcecode.swift; path = MapManager.swift; sourceTree = "<group>"; };
		CDA4B1151FE23F84005F6F6A /* LocationManager.swift */ = {isa = PBXFileReference; fileEncoding = 4; lastKnownFileType = sourcecode.swift; path = LocationManager.swift; sourceTree = "<group>"; };
		CDA4B1221FE2924F005F6F6A /* SearchLocationTableViewCell.swift */ = {isa = PBXFileReference; fileEncoding = 4; lastKnownFileType = sourcecode.swift; path = SearchLocationTableViewCell.swift; sourceTree = "<group>"; };
		CE6973BF21CB7B9959F62EFD /* Pods-GoogleMapIntegration.release.xcconfig */ = {isa = PBXFileReference; includeInIndex = 1; lastKnownFileType = text.xcconfig; name = "Pods-GoogleMapIntegration.release.xcconfig"; path = "Pods/Target Support Files/Pods-GoogleMapIntegration/Pods-GoogleMapIntegration.release.xcconfig"; sourceTree = "<group>"; };
/* End PBXFileReference section */

/* Begin PBXFrameworksBuildPhase section */
		CD79EA901FE0EACB0020DC65 /* Frameworks */ = {
			isa = PBXFrameworksBuildPhase;
			buildActionMask = 2147483647;
			files = (
				CD79EAC41FE0FB550020DC65 /* CoreLocation.framework in Frameworks */,
				CD79EAC21FE0F74A0020DC65 /* MapKit.framework in Frameworks */,
				757EA68FC9638F06F3DE8413 /* Pods_GoogleMapIntegration.framework in Frameworks */,
			);
			runOnlyForDeploymentPostprocessing = 0;
		};
		CD79EAA71FE0EACC0020DC65 /* Frameworks */ = {
			isa = PBXFrameworksBuildPhase;
			buildActionMask = 2147483647;
			files = (
				D9A58FB4D70AFF1C1CB67CA0 /* Pods_GoogleMapIntegrationTests.framework in Frameworks */,
			);
			runOnlyForDeploymentPostprocessing = 0;
		};
/* End PBXFrameworksBuildPhase section */

/* Begin PBXGroup section */
		A9FADC39E6E391AA7F343DB5 /* Pods */ = {
			isa = PBXGroup;
			children = (
				7BDA98CA51209567E328DA83 /* Pods-GoogleMapIntegration.debug.xcconfig */,
				CE6973BF21CB7B9959F62EFD /* Pods-GoogleMapIntegration.release.xcconfig */,
				75149558D854892B2AEFC252 /* Pods-GoogleMapIntegrationTests.debug.xcconfig */,
				C3ABC9107A52827876B08D26 /* Pods-GoogleMapIntegrationTests.release.xcconfig */,
			);
			name = Pods;
			sourceTree = "<group>";
		};
		CD79EA8A1FE0EACB0020DC65 = {
			isa = PBXGroup;
			children = (
				CD79EA951FE0EACB0020DC65 /* GoogleMapIntegration */,
				CD79EAAD1FE0EACC0020DC65 /* GoogleMapIntegrationTests */,
				CD79EA941FE0EACB0020DC65 /* Products */,
				CD79EAC01FE0F7490020DC65 /* Frameworks */,
				A9FADC39E6E391AA7F343DB5 /* Pods */,
			);
			sourceTree = "<group>";
		};
		CD79EA941FE0EACB0020DC65 /* Products */ = {
			isa = PBXGroup;
			children = (
				CD79EA931FE0EACB0020DC65 /* GoogleMapIntegration.app */,
				CD79EAAA1FE0EACC0020DC65 /* GoogleMapIntegrationTests.xctest */,
			);
			name = Products;
			sourceTree = "<group>";
		};
		CD79EA951FE0EACB0020DC65 /* GoogleMapIntegration */ = {
			isa = PBXGroup;
			children = (
				CD79EAC51FE12EFA0020DC65 /* Config */,
				CD79EABB1FE0EB180020DC65 /* Models */,
				CD79EABA1FE0EB100020DC65 /* Views */,
				CD79EAB91FE0EB000020DC65 /* ViewControllers */,
				CD79EA961FE0EACB0020DC65 /* AppDelegate.swift */,
				CD79EA9A1FE0EACB0020DC65 /* Main.storyboard */,
				CD79EAA01FE0EACB0020DC65 /* Assets.xcassets */,
				CD79EAA21FE0EACB0020DC65 /* LaunchScreen.storyboard */,
				CD79EAA51FE0EACB0020DC65 /* Info.plist */,
				CD79EA9D1FE0EACB0020DC65 /* GoogleMapIntegration.xcdatamodeld */,
			);
			path = GoogleMapIntegration;
			sourceTree = "<group>";
		};
		CD79EAAD1FE0EACC0020DC65 /* GoogleMapIntegrationTests */ = {
			isa = PBXGroup;
			children = (
				CD79EAAE1FE0EACC0020DC65 /* GoogleMapIntegrationTests.swift */,
				CD79EAB01FE0EACC0020DC65 /* Info.plist */,
			);
			path = GoogleMapIntegrationTests;
			sourceTree = "<group>";
		};
		CD79EAB91FE0EB000020DC65 /* ViewControllers */ = {
			isa = PBXGroup;
			children = (
				CDA4B1261FE295F6005F6F6A /* SearchLocation TableView */,
				CDA4B11D1FE2900E005F6F6A /* Home */,
			);
			name = ViewControllers;
			sourceTree = "<group>";
		};
		CD79EABA1FE0EB100020DC65 /* Views */ = {
			isa = PBXGroup;
			children = (
				CDA4B11E1FE291FD005F6F6A /* Tableview Cells */,
			);
			name = Views;
			sourceTree = "<group>";
		};
		CD79EABB1FE0EB180020DC65 /* Models */ = {
			isa = PBXGroup;
			children = (
				CD8832131FE5103A00B978EF /* ErrorManager */,
				CD8832101FE50E7E00B978EF /* Place Manager */,
				CDA4B1171FE24351005F6F6A /* Google Helper API */,
				CDA4B1141FE23F72005F6F6A /* LocationManager */,
				CDA4B1111FE23C31005F6F6A /* MapManager */,
			);
			name = Models;
			sourceTree = "<group>";
		};
		CD79EAC01FE0F7490020DC65 /* Frameworks */ = {
			isa = PBXGroup;
			children = (
				CD79EAC31FE0FB550020DC65 /* CoreLocation.framework */,
				CD79EAC11FE0F74A0020DC65 /* MapKit.framework */,
				46C50A5ADD8430C2F526A353 /* Pods_GoogleMapIntegration.framework */,
				A689293FC02229B56DF77032 /* Pods_GoogleMapIntegrationTests.framework */,
			);
			name = Frameworks;
			sourceTree = "<group>";
		};
		CD79EAC51FE12EFA0020DC65 /* Config */ = {
			isa = PBXGroup;
			children = (
				CD79EAC61FE12F120020DC65 /* Config.swift */,
			);
			name = Config;
			sourceTree = "<group>";
		};
		CD8832101FE50E7E00B978EF /* Place Manager */ = {
			isa = PBXGroup;
			children = (
				CD8832111FE50ED300B978EF /* PlaceManager.swift */,
			);
			name = "Place Manager";
			sourceTree = "<group>";
		};
		CD8832131FE5103A00B978EF /* ErrorManager */ = {
			isa = PBXGroup;
			children = (
				CD8832141FE5104C00B978EF /* ErrorManager.swift */,
			);
			name = ErrorManager;
			sourceTree = "<group>";
		};
		CDA4B1111FE23C31005F6F6A /* MapManager */ = {
			isa = PBXGroup;
			children = (
				CDA4B1121FE23C74005F6F6A /* MapManager.swift */,
			);
			name = MapManager;
			sourceTree = "<group>";
		};
		CDA4B1141FE23F72005F6F6A /* LocationManager */ = {
			isa = PBXGroup;
			children = (
				CDA4B1151FE23F84005F6F6A /* LocationManager.swift */,
			);
			name = LocationManager;
			sourceTree = "<group>";
		};
		CDA4B1171FE24351005F6F6A /* Google Helper API */ = {
			isa = PBXGroup;
			children = (
				CD79EABC1FE0EB420020DC65 /* GoogleHelperAPI.swift */,
			);
			name = "Google Helper API";
			sourceTree = "<group>";
		};
		CDA4B11D1FE2900E005F6F6A /* Home */ = {
			isa = PBXGroup;
			children = (
				CD79EA981FE0EACB0020DC65 /* ViewController.swift */,
			);
			name = Home;
			sourceTree = "<group>";
		};
		CDA4B11E1FE291FD005F6F6A /* Tableview Cells */ = {
			isa = PBXGroup;
			children = (
				CDA4B11F1FE2920F005F6F6A /* SearchTableviewCells */,
			);
			name = "Tableview Cells";
			sourceTree = "<group>";
		};
		CDA4B11F1FE2920F005F6F6A /* SearchTableviewCells */ = {
			isa = PBXGroup;
			children = (
				CDA4B1221FE2924F005F6F6A /* SearchLocationTableViewCell.swift */,
			);
			name = SearchTableviewCells;
			sourceTree = "<group>";
		};
		CDA4B1261FE295F6005F6F6A /* SearchLocation TableView */ = {
			isa = PBXGroup;
			children = (
				CDA03BD11FE29F9A0006E79A /* SearchLocationTableViewController.swift */,
			);
			name = "SearchLocation TableView";
			sourceTree = "<group>";
		};
/* End PBXGroup section */

/* Begin PBXNativeTarget section */
		CD79EA921FE0EACB0020DC65 /* GoogleMapIntegration */ = {
			isa = PBXNativeTarget;
			buildConfigurationList = CD79EAB31FE0EACC0020DC65 /* Build configuration list for PBXNativeTarget "GoogleMapIntegration" */;
			buildPhases = (
				E5DC0FB5D3597CAC1FE42C64 /* [CP] Check Pods Manifest.lock */,
				CD79EA8F1FE0EACB0020DC65 /* Sources */,
				CD79EA901FE0EACB0020DC65 /* Frameworks */,
				CD79EA911FE0EACB0020DC65 /* Resources */,
				ACF88C1792B646E8EC0026AC /* [CP] Embed Pods Frameworks */,
				4E439920E381B590D2D04C22 /* [CP] Copy Pods Resources */,
			);
			buildRules = (
			);
			dependencies = (
			);
			name = GoogleMapIntegration;
			productName = GoogleMapIntegration;
			productReference = CD79EA931FE0EACB0020DC65 /* GoogleMapIntegration.app */;
			productType = "com.apple.product-type.application";
		};
		CD79EAA91FE0EACC0020DC65 /* GoogleMapIntegrationTests */ = {
			isa = PBXNativeTarget;
			buildConfigurationList = CD79EAB61FE0EACC0020DC65 /* Build configuration list for PBXNativeTarget "GoogleMapIntegrationTests" */;
			buildPhases = (
				5D4FFA1223309199C198A357 /* [CP] Check Pods Manifest.lock */,
				CD79EAA61FE0EACC0020DC65 /* Sources */,
				CD79EAA71FE0EACC0020DC65 /* Frameworks */,
				CD79EAA81FE0EACC0020DC65 /* Resources */,
				D785AC1541E473C147FEE2EC /* [CP] Embed Pods Frameworks */,
				D753DB3137A6D76C274650EB /* [CP] Copy Pods Resources */,
			);
			buildRules = (
			);
			dependencies = (
				CD79EAAC1FE0EACC0020DC65 /* PBXTargetDependency */,
			);
			name = GoogleMapIntegrationTests;
			productName = GoogleMapIntegrationTests;
			productReference = CD79EAAA1FE0EACC0020DC65 /* GoogleMapIntegrationTests.xctest */;
			productType = "com.apple.product-type.bundle.unit-test";
		};
/* End PBXNativeTarget section */

/* Begin PBXProject section */
		CD79EA8B1FE0EACB0020DC65 /* Project object */ = {
			isa = PBXProject;
			attributes = {
				LastSwiftUpdateCheck = 0830;
				LastUpgradeCheck = 0830;
				ORGANIZATIONNAME = Globussoft;
				TargetAttributes = {
					CD79EA921FE0EACB0020DC65 = {
						CreatedOnToolsVersion = 8.3.3;
						DevelopmentTeam = LW9EP5U6JZ;
						ProvisioningStyle = Automatic;
					};
					CD79EAA91FE0EACC0020DC65 = {
						CreatedOnToolsVersion = 8.3.3;
						DevelopmentTeam = LW9EP5U6JZ;
						ProvisioningStyle = Automatic;
						TestTargetID = CD79EA921FE0EACB0020DC65;
					};
				};
			};
			buildConfigurationList = CD79EA8E1FE0EACB0020DC65 /* Build configuration list for PBXProject "GoogleMapIntegration" */;
			compatibilityVersion = "Xcode 3.2";
			developmentRegion = English;
			hasScannedForEncodings = 0;
			knownRegions = (
				en,
				Base,
			);
			mainGroup = CD79EA8A1FE0EACB0020DC65;
			productRefGroup = CD79EA941FE0EACB0020DC65 /* Products */;
			projectDirPath = "";
			projectRoot = "";
			targets = (
				CD79EA921FE0EACB0020DC65 /* GoogleMapIntegration */,
				CD79EAA91FE0EACC0020DC65 /* GoogleMapIntegrationTests */,
			);
		};
/* End PBXProject section */

/* Begin PBXResourcesBuildPhase section */
		CD79EA911FE0EACB0020DC65 /* Resources */ = {
			isa = PBXResourcesBuildPhase;
			buildActionMask = 2147483647;
			files = (
				CD79EAA41FE0EACB0020DC65 /* LaunchScreen.storyboard in Resources */,
				CD79EAA11FE0EACB0020DC65 /* Assets.xcassets in Resources */,
				CD79EA9C1FE0EACB0020DC65 /* Main.storyboard in Resources */,
			);
			runOnlyForDeploymentPostprocessing = 0;
		};
		CD79EAA81FE0EACC0020DC65 /* Resources */ = {
			isa = PBXResourcesBuildPhase;
			buildActionMask = 2147483647;
			files = (
			);
			runOnlyForDeploymentPostprocessing = 0;
		};
/* End PBXResourcesBuildPhase section */

/* Begin PBXShellScriptBuildPhase section */
		4E439920E381B590D2D04C22 /* [CP] Copy Pods Resources */ = {
			isa = PBXShellScriptBuildPhase;
			buildActionMask = 2147483647;
			files = (
			);
			inputPaths = (
			);
			name = "[CP] Copy Pods Resources";
			outputPaths = (
			);
			runOnlyForDeploymentPostprocessing = 0;
			shellPath = /bin/sh;
			shellScript = "\"${SRCROOT}/Pods/Target Support Files/Pods-GoogleMapIntegration/Pods-GoogleMapIntegration-resources.sh\"\n";
			showEnvVarsInLog = 0;
		};
		5D4FFA1223309199C198A357 /* [CP] Check Pods Manifest.lock */ = {
			isa = PBXShellScriptBuildPhase;
			buildActionMask = 2147483647;
			files = (
			);
			inputPaths = (
			);
			name = "[CP] Check Pods Manifest.lock";
			outputPaths = (
			);
			runOnlyForDeploymentPostprocessing = 0;
			shellPath = /bin/sh;
			shellScript = "diff \"${PODS_PODFILE_DIR_PATH}/Podfile.lock\" \"${PODS_ROOT}/Manifest.lock\" > /dev/null\nif [ $? != 0 ] ; then\n    # print error to STDERR\n    echo \"error: The sandbox is not in sync with the Podfile.lock. Run 'pod install' or update your CocoaPods installation.\" >&2\n    exit 1\nfi\n";
			showEnvVarsInLog = 0;
		};
		ACF88C1792B646E8EC0026AC /* [CP] Embed Pods Frameworks */ = {
			isa = PBXShellScriptBuildPhase;
			buildActionMask = 2147483647;
			files = (
			);
			inputPaths = (
			);
			name = "[CP] Embed Pods Frameworks";
			outputPaths = (
			);
			runOnlyForDeploymentPostprocessing = 0;
			shellPath = /bin/sh;
			shellScript = "\"${SRCROOT}/Pods/Target Support Files/Pods-GoogleMapIntegration/Pods-GoogleMapIntegration-frameworks.sh\"\n";
			showEnvVarsInLog = 0;
		};
		D753DB3137A6D76C274650EB /* [CP] Copy Pods Resources */ = {
			isa = PBXShellScriptBuildPhase;
			buildActionMask = 2147483647;
			files = (
			);
			inputPaths = (
			);
			name = "[CP] Copy Pods Resources";
			outputPaths = (
			);
			runOnlyForDeploymentPostprocessing = 0;
			shellPath = /bin/sh;
			shellScript = "\"${SRCROOT}/Pods/Target Support Files/Pods-GoogleMapIntegrationTests/Pods-GoogleMapIntegrationTests-resources.sh\"\n";
			showEnvVarsInLog = 0;
		};
		D785AC1541E473C147FEE2EC /* [CP] Embed Pods Frameworks */ = {
			isa = PBXShellScriptBuildPhase;
			buildActionMask = 2147483647;
			files = (
			);
			inputPaths = (
			);
			name = "[CP] Embed Pods Frameworks";
			outputPaths = (
			);
			runOnlyForDeploymentPostprocessing = 0;
			shellPath = /bin/sh;
			shellScript = "\"${SRCROOT}/Pods/Target Support Files/Pods-GoogleMapIntegrationTests/Pods-GoogleMapIntegrationTests-frameworks.sh\"\n";
			showEnvVarsInLog = 0;
		};
		E5DC0FB5D3597CAC1FE42C64 /* [CP] Check Pods Manifest.lock */ = {
			isa = PBXShellScriptBuildPhase;
			buildActionMask = 2147483647;
			files = (
			);
			inputPaths = (
			);
			name = "[CP] Check Pods Manifest.lock";
			outputPaths = (
			);
			runOnlyForDeploymentPostprocessing = 0;
			shellPath = /bin/sh;
			shellScript = "diff \"${PODS_PODFILE_DIR_PATH}/Podfile.lock\" \"${PODS_ROOT}/Manifest.lock\" > /dev/null\nif [ $? != 0 ] ; then\n    # print error to STDERR\n    echo \"error: The sandbox is not in sync with the Podfile.lock. Run 'pod install' or update your CocoaPods installation.\" >&2\n    exit 1\nfi\n";
			showEnvVarsInLog = 0;
		};
/* End PBXShellScriptBuildPhase section */

/* Begin PBXSourcesBuildPhase section */
		CD79EA8F1FE0EACB0020DC65 /* Sources */ = {
			isa = PBXSourcesBuildPhase;
			buildActionMask = 2147483647;
			files = (
				CD79EA991FE0EACB0020DC65 /* ViewController.swift in Sources */,
				CD79EA9F1FE0EACB0020DC65 /* GoogleMapIntegration.xcdatamodeld in Sources */,
				CD79EAC71FE12F120020DC65 /* Config.swift in Sources */,
				CDA4B1241FE2924F005F6F6A /* SearchLocationTableViewCell.swift in Sources */,
				CD8832151FE5104C00B978EF /* ErrorManager.swift in Sources */,
				CDA4B1161FE23F84005F6F6A /* LocationManager.swift in Sources */,
				CD79EA971FE0EACB0020DC65 /* AppDelegate.swift in Sources */,
				CDA03BD21FE29F9A0006E79A /* SearchLocationTableViewController.swift in Sources */,
				CDA4B1131FE23C74005F6F6A /* MapManager.swift in Sources */,
				CD79EABD1FE0EB420020DC65 /* GoogleHelperAPI.swift in Sources */,
				CD8832121FE50ED300B978EF /* PlaceManager.swift in Sources */,
			);
			runOnlyForDeploymentPostprocessing = 0;
		};
		CD79EAA61FE0EACC0020DC65 /* Sources */ = {
			isa = PBXSourcesBuildPhase;
			buildActionMask = 2147483647;
			files = (
				CD79EAAF1FE0EACC0020DC65 /* GoogleMapIntegrationTests.swift in Sources */,
			);
			runOnlyForDeploymentPostprocessing = 0;
		};
/* End PBXSourcesBuildPhase section */

/* Begin PBXTargetDependency section */
		CD79EAAC1FE0EACC0020DC65 /* PBXTargetDependency */ = {
			isa = PBXTargetDependency;
			target = CD79EA921FE0EACB0020DC65 /* GoogleMapIntegration */;
			targetProxy = CD79EAAB1FE0EACC0020DC65 /* PBXContainerItemProxy */;
		};
/* End PBXTargetDependency section */

/* Begin PBXVariantGroup section */
		CD79EA9A1FE0EACB0020DC65 /* Main.storyboard */ = {
			isa = PBXVariantGroup;
			children = (
				CD79EA9B1FE0EACB0020DC65 /* Base */,
			);
			name = Main.storyboard;
			sourceTree = "<group>";
		};
		CD79EAA21FE0EACB0020DC65 /* LaunchScreen.storyboard */ = {
			isa = PBXVariantGroup;
			children = (
				CD79EAA31FE0EACB0020DC65 /* Base */,
			);
			name = LaunchScreen.storyboard;
			sourceTree = "<group>";
		};
/* End PBXVariantGroup section */

/* Begin XCBuildConfiguration section */
		CD79EAB11FE0EACC0020DC65 /* Debug */ = {
			isa = XCBuildConfiguration;
			buildSettings = {
				ALWAYS_SEARCH_USER_PATHS = NO;
				CLANG_ANALYZER_NONNULL = YES;
				CLANG_ANALYZER_NUMBER_OBJECT_CONVERSION = YES_AGGRESSIVE;
				CLANG_CXX_LANGUAGE_STANDARD = "gnu++0x";
				CLANG_CXX_LIBRARY = "libc++";
				CLANG_ENABLE_MODULES = YES;
				CLANG_ENABLE_OBJC_ARC = YES;
				CLANG_WARN_BOOL_CONVERSION = YES;
				CLANG_WARN_CONSTANT_CONVERSION = YES;
				CLANG_WARN_DIRECT_OBJC_ISA_USAGE = YES_ERROR;
				CLANG_WARN_DOCUMENTATION_COMMENTS = YES;
				CLANG_WARN_EMPTY_BODY = YES;
				CLANG_WARN_ENUM_CONVERSION = YES;
				CLANG_WARN_INFINITE_RECURSION = YES;
				CLANG_WARN_INT_CONVERSION = YES;
				CLANG_WARN_OBJC_ROOT_CLASS = YES_ERROR;
				CLANG_WARN_SUSPICIOUS_MOVE = YES;
				CLANG_WARN_UNREACHABLE_CODE = YES;
				CLANG_WARN__DUPLICATE_METHOD_MATCH = YES;
				"CODE_SIGN_IDENTITY[sdk=iphoneos*]" = "iPhone Developer";
				COPY_PHASE_STRIP = NO;
				DEBUG_INFORMATION_FORMAT = dwarf;
				ENABLE_STRICT_OBJC_MSGSEND = YES;
				ENABLE_TESTABILITY = YES;
				GCC_C_LANGUAGE_STANDARD = gnu99;
				GCC_DYNAMIC_NO_PIC = NO;
				GCC_NO_COMMON_BLOCKS = YES;
				GCC_OPTIMIZATION_LEVEL = 0;
				GCC_PREPROCESSOR_DEFINITIONS = (
					"DEBUG=1",
					"$(inherited)",
				);
				GCC_WARN_64_TO_32_BIT_CONVERSION = YES;
				GCC_WARN_ABOUT_RETURN_TYPE = YES_ERROR;
				GCC_WARN_UNDECLARED_SELECTOR = YES;
				GCC_WARN_UNINITIALIZED_AUTOS = YES_AGGRESSIVE;
				GCC_WARN_UNUSED_FUNCTION = YES;
				GCC_WARN_UNUSED_VARIABLE = YES;
				IPHONEOS_DEPLOYMENT_TARGET = 10.3;
				MTL_ENABLE_DEBUG_INFO = YES;
				ONLY_ACTIVE_ARCH = YES;
				SDKROOT = iphoneos;
				SWIFT_ACTIVE_COMPILATION_CONDITIONS = DEBUG;
				SWIFT_OPTIMIZATION_LEVEL = "-Onone";
			};
			name = Debug;
		};
		CD79EAB21FE0EACC0020DC65 /* Release */ = {
			isa = XCBuildConfiguration;
			buildSettings = {
				ALWAYS_SEARCH_USER_PATHS = NO;
				CLANG_ANALYZER_NONNULL = YES;
				CLANG_ANALYZER_NUMBER_OBJECT_CONVERSION = YES_AGGRESSIVE;
				CLANG_CXX_LANGUAGE_STANDARD = "gnu++0x";
				CLANG_CXX_LIBRARY = "libc++";
				CLANG_ENABLE_MODULES = YES;
				CLANG_ENABLE_OBJC_ARC = YES;
				CLANG_WARN_BOOL_CONVERSION = YES;
				CLANG_WARN_CONSTANT_CONVERSION = YES;
				CLANG_WARN_DIRECT_OBJC_ISA_USAGE = YES_ERROR;
				CLANG_WARN_DOCUMENTATION_COMMENTS = YES;
				CLANG_WARN_EMPTY_BODY = YES;
				CLANG_WARN_ENUM_CONVERSION = YES;
				CLANG_WARN_INFINITE_RECURSION = YES;
				CLANG_WARN_INT_CONVERSION = YES;
				CLANG_WARN_OBJC_ROOT_CLASS = YES_ERROR;
				CLANG_WARN_SUSPICIOUS_MOVE = YES;
				CLANG_WARN_UNREACHABLE_CODE = YES;
				CLANG_WARN__DUPLICATE_METHOD_MATCH = YES;
				"CODE_SIGN_IDENTITY[sdk=iphoneos*]" = "iPhone Developer";
				COPY_PHASE_STRIP = NO;
				DEBUG_INFORMATION_FORMAT = "dwarf-with-dsym";
				ENABLE_NS_ASSERTIONS = NO;
				ENABLE_STRICT_OBJC_MSGSEND = YES;
				GCC_C_LANGUAGE_STANDARD = gnu99;
				GCC_NO_COMMON_BLOCKS = YES;
				GCC_WARN_64_TO_32_BIT_CONVERSION = YES;
				GCC_WARN_ABOUT_RETURN_TYPE = YES_ERROR;
				GCC_WARN_UNDECLARED_SELECTOR = YES;
				GCC_WARN_UNINITIALIZED_AUTOS = YES_AGGRESSIVE;
				GCC_WARN_UNUSED_FUNCTION = YES;
				GCC_WARN_UNUSED_VARIABLE = YES;
				IPHONEOS_DEPLOYMENT_TARGET = 10.3;
				MTL_ENABLE_DEBUG_INFO = NO;
				SDKROOT = iphoneos;
				SWIFT_OPTIMIZATION_LEVEL = "-Owholemodule";
				VALIDATE_PRODUCT = YES;
			};
			name = Release;
		};
		CD79EAB41FE0EACC0020DC65 /* Debug */ = {
			isa = XCBuildConfiguration;
			baseConfigurationReference = 7BDA98CA51209567E328DA83 /* Pods-GoogleMapIntegration.debug.xcconfig */;
			buildSettings = {
				ASSETCATALOG_COMPILER_APPICON_NAME = AppIcon;
				DEVELOPMENT_TEAM = LW9EP5U6JZ;
				INFOPLIST_FILE = GoogleMapIntegration/Info.plist;
				LD_RUNPATH_SEARCH_PATHS = "$(inherited) @executable_path/Frameworks";
				PRODUCT_BUNDLE_IDENTIFIER = com.globussoft.com.GoogleMapIntegration;
				PRODUCT_NAME = "$(TARGET_NAME)";
				SWIFT_VERSION = 3.0;
			};
			name = Debug;
		};
		CD79EAB51FE0EACC0020DC65 /* Release */ = {
			isa = XCBuildConfiguration;
			baseConfigurationReference = CE6973BF21CB7B9959F62EFD /* Pods-GoogleMapIntegration.release.xcconfig */;
			buildSettings = {
				ASSETCATALOG_COMPILER_APPICON_NAME = AppIcon;
				DEVELOPMENT_TEAM = LW9EP5U6JZ;
				INFOPLIST_FILE = GoogleMapIntegration/Info.plist;
				LD_RUNPATH_SEARCH_PATHS = "$(inherited) @executable_path/Frameworks";
				PRODUCT_BUNDLE_IDENTIFIER = com.globussoft.com.GoogleMapIntegration;
				PRODUCT_NAME = "$(TARGET_NAME)";
				SWIFT_VERSION = 3.0;
			};
			name = Release;
		};
		CD79EAB71FE0EACC0020DC65 /* Debug */ = {
			isa = XCBuildConfiguration;
			baseConfigurationReference = 75149558D854892B2AEFC252 /* Pods-GoogleMapIntegrationTests.debug.xcconfig */;
			buildSettings = {
				ALWAYS_EMBED_SWIFT_STANDARD_LIBRARIES = YES;
				BUNDLE_LOADER = "$(TEST_HOST)";
				DEVELOPMENT_TEAM = LW9EP5U6JZ;
				INFOPLIST_FILE = GoogleMapIntegrationTests/Info.plist;
				LD_RUNPATH_SEARCH_PATHS = "$(inherited) @executable_path/Frameworks @loader_path/Frameworks";
				PRODUCT_BUNDLE_IDENTIFIER = com.globussoft.com.GoogleMapIntegrationTests;
				PRODUCT_NAME = "$(TARGET_NAME)";
				SWIFT_VERSION = 3.0;
				TEST_HOST = "$(BUILT_PRODUCTS_DIR)/GoogleMapIntegration.app/GoogleMapIntegration";
			};
			name = Debug;
		};
		CD79EAB81FE0EACC0020DC65 /* Release */ = {
			isa = XCBuildConfiguration;
			baseConfigurationReference = C3ABC9107A52827876B08D26 /* Pods-GoogleMapIntegrationTests.release.xcconfig */;
			buildSettings = {
				ALWAYS_EMBED_SWIFT_STANDARD_LIBRARIES = YES;
				BUNDLE_LOADER = "$(TEST_HOST)";
				DEVELOPMENT_TEAM = LW9EP5U6JZ;
				INFOPLIST_FILE = GoogleMapIntegrationTests/Info.plist;
				LD_RUNPATH_SEARCH_PATHS = "$(inherited) @executable_path/Frameworks @loader_path/Frameworks";
				PRODUCT_BUNDLE_IDENTIFIER = com.globussoft.com.GoogleMapIntegrationTests;
				PRODUCT_NAME = "$(TARGET_NAME)";
				SWIFT_VERSION = 3.0;
				TEST_HOST = "$(BUILT_PRODUCTS_DIR)/GoogleMapIntegration.app/GoogleMapIntegration";
			};
			name = Release;
		};
/* End XCBuildConfiguration section */

/* Begin XCConfigurationList section */
		CD79EA8E1FE0EACB0020DC65 /* Build configuration list for PBXProject "GoogleMapIntegration" */ = {
			isa = XCConfigurationList;
			buildConfigurations = (
				CD79EAB11FE0EACC0020DC65 /* Debug */,
				CD79EAB21FE0EACC0020DC65 /* Release */,
			);
			defaultConfigurationIsVisible = 0;
			defaultConfigurationName = Release;
		};
		CD79EAB31FE0EACC0020DC65 /* Build configuration list for PBXNativeTarget "GoogleMapIntegration" */ = {
			isa = XCConfigurationList;
			buildConfigurations = (
				CD79EAB41FE0EACC0020DC65 /* Debug */,
				CD79EAB51FE0EACC0020DC65 /* Release */,
			);
			defaultConfigurationIsVisible = 0;
			defaultConfigurationName = Release;
		};
		CD79EAB61FE0EACC0020DC65 /* Build configuration list for PBXNativeTarget "GoogleMapIntegrationTests" */ = {
			isa = XCConfigurationList;
			buildConfigurations = (
				CD79EAB71FE0EACC0020DC65 /* Debug */,
				CD79EAB81FE0EACC0020DC65 /* Release */,
			);
			defaultConfigurationIsVisible = 0;
			defaultConfigurationName = Release;
		};
/* End XCConfigurationList section */

/* Begin XCVersionGroup section */
		CD79EA9D1FE0EACB0020DC65 /* GoogleMapIntegration.xcdatamodeld */ = {
			isa = XCVersionGroup;
			children = (
				CD79EA9E1FE0EACB0020DC65 /* GoogleMapIntegration.xcdatamodel */,
			);
			currentVersion = CD79EA9E1FE0EACB0020DC65 /* GoogleMapIntegration.xcdatamodel */;
			path = GoogleMapIntegration.xcdatamodeld;
			sourceTree = "<group>";
			versionGroupType = wrapper.xcdatamodel;
		};
/* End XCVersionGroup section */
	};
	rootObject = CD79EA8B1FE0EACB0020DC65 /* Project object */;
}
